{
  "name": "reactlazy",
  "version": "1.0.0",
  "lockfileVersion": 1,
  "requires": true,
  "dependencies": {
    "@babel/helper-plugin-utils": {
      "version": "7.14.5",
      "resolved": "https://registry.nlark.com/@babel/helper-plugin-utils/download/@babel/helper-plugin-utils-7.14.5.tgz?cache=0&sync_timestamp=1623280296194&other_urls=https%3A%2F%2Fregistry.nlark.com%2F%40babel%2Fhelper-plugin-utils%2Fdownload%2F%40babel%2Fhelper-plugin-utils-7.14.5.tgz",
      "integrity": "sha1-WsgizpfuxGdBq3ClF5ceRDpwxak=",
      "dev": true
    },
    "@babel/plugin-syntax-dynamic-import": {
      "version": "7.8.3",
      "resolved": "https://registry.nlark.com/@babel/plugin-syntax-dynamic-import/download/@babel/plugin-syntax-dynamic-import-7.8.3.tgz?cache=0&sync_timestamp=1618847125283&other_urls=https%3A%2F%2Fregistry.nlark.com%2F%40babel%2Fplugin-syntax-dynamic-import%2Fdownload%2F%40babel%2Fplugin-syntax-dynamic-import-7.8.3.tgz",
      "integrity": "sha1-Yr+Ysto80h1iYVT8lu5bPLaOrLM=",
      "dev": true,
      "requires": {
        "@babel/helper-plugin-utils": "^7.8.0"
      }
    }
  }
}
